// !$*UTF8*$!
{
	archiveVersion = 1;
	classes = {
	};
	objectVersion = 55;
	objects = {

/* Begin PBXBuildFile section */
		0423FDA328B7940F00340ADD /* ShoppingCart_ViewController.swift in Sources */ = {isa = PBXBuildFile; fileRef = 0423FDA228B7940F00340ADD /* ShoppingCart_ViewController.swift */; };
		0423FDA528B794B400340ADD /* ShoppingCart_ViewModel.swift in Sources */ = {isa = PBXBuildFile; fileRef = 0423FDA428B794B400340ADD /* ShoppingCart_ViewModel.swift */; };
		0423FDA728B794CA00340ADD /* ShoppingCart_Protocol.swift in Sources */ = {isa = PBXBuildFile; fileRef = 0423FDA628B794CA00340ADD /* ShoppingCart_Protocol.swift */; };
		0423FDA928B7A6D700340ADD /* ProductModel_firebase.swift in Sources */ = {isa = PBXBuildFile; fileRef = 0423FDA828B7A6D700340ADD /* ProductModel_firebase.swift */; };
		0423FDAD28B7B76800340ADD /* GetCurrentTime.swift in Sources */ = {isa = PBXBuildFile; fileRef = 0423FDAC28B7B76800340ADD /* GetCurrentTime.swift */; };
		0423FDB128B7F7D100340ADD /* Product_TableViewCell_Protocols.swift in Sources */ = {isa = PBXBuildFile; fileRef = 0423FDB028B7F7D100340ADD /* Product_TableViewCell_Protocols.swift */; };
		043331D728B75368000D5EDE /* GoogleService-Info.plist in Resources */ = {isa = PBXBuildFile; fileRef = 043331D628B75368000D5EDE /* GoogleService-Info.plist */; };
		043331D928B75D28000D5EDE /* FirebaseManager.swift in Sources */ = {isa = PBXBuildFile; fileRef = 043331D828B75D28000D5EDE /* FirebaseManager.swift */; };
		043331DB28B75D5E000D5EDE /* FirebaseServices.swift in Sources */ = {isa = PBXBuildFile; fileRef = 043331DA28B75D5E000D5EDE /* FirebaseServices.swift */; };
		043331DE28B770CD000D5EDE /* AddAlertView.swift in Sources */ = {isa = PBXBuildFile; fileRef = 043331DD28B770CD000D5EDE /* AddAlertView.swift */; };
		0433535028B6984B0071A974 /* Product_TableViewCell.swift in Sources */ = {isa = PBXBuildFile; fileRef = 0433534E28B6984B0071A974 /* Product_TableViewCell.swift */; };
		0433535128B6984B0071A974 /* Product_TableViewCell.xib in Resources */ = {isa = PBXBuildFile; fileRef = 0433534F28B6984B0071A974 /* Product_TableViewCell.xib */; };
		0433535528B6A2660071A974 /* Constants.swift in Sources */ = {isa = PBXBuildFile; fileRef = 0433535428B6A2660071A974 /* Constants.swift */; };
		04A2CF7728B6724200A450B8 /* AppDelegate.swift in Sources */ = {isa = PBXBuildFile; fileRef = 04A2CF7628B6724200A450B8 /* AppDelegate.swift */; };
		04A2CF7928B6724200A450B8 /* SceneDelegate.swift in Sources */ = {isa = PBXBuildFile; fileRef = 04A2CF7828B6724200A450B8 /* SceneDelegate.swift */; };
		04A2CF8028B6724300A450B8 /* Assets.xcassets in Resources */ = {isa = PBXBuildFile; fileRef = 04A2CF7F28B6724300A450B8 /* Assets.xcassets */; };
		04A2CF8328B6724300A450B8 /* LaunchScreen.storyboard in Resources */ = {isa = PBXBuildFile; fileRef = 04A2CF8128B6724300A450B8 /* LaunchScreen.storyboard */; };
		04A2CF8E28B6724400A450B8 /* My_MarketTests.swift in Sources */ = {isa = PBXBuildFile; fileRef = 04A2CF8D28B6724400A450B8 /* My_MarketTests.swift */; };
		04A2CF9828B6724400A450B8 /* My_MarketUITests.swift in Sources */ = {isa = PBXBuildFile; fileRef = 04A2CF9728B6724400A450B8 /* My_MarketUITests.swift */; };
		04A2CF9A28B6724400A450B8 /* My_MarketUITestsLaunchTests.swift in Sources */ = {isa = PBXBuildFile; fileRef = 04A2CF9928B6724400A450B8 /* My_MarketUITestsLaunchTests.swift */; };
		04A2CFA728B6745400A450B8 /* Urls.swift in Sources */ = {isa = PBXBuildFile; fileRef = 04A2CFA628B6745400A450B8 /* Urls.swift */; };
		04A2CFA928B6750C00A450B8 /* Products_Model.swift in Sources */ = {isa = PBXBuildFile; fileRef = 04A2CFA828B6750C00A450B8 /* Products_Model.swift */; };
		04A2CFAD28B675CB00A450B8 /* NetworkManager.swift in Sources */ = {isa = PBXBuildFile; fileRef = 04A2CFAC28B675CB00A450B8 /* NetworkManager.swift */; };
		04A2CFB428B6788100A450B8 /* APIServices.swift in Sources */ = {isa = PBXBuildFile; fileRef = 04A2CFB328B6788100A450B8 /* APIServices.swift */; };
		04A2CFB828B67A7C00A450B8 /* Products.storyboard in Resources */ = {isa = PBXBuildFile; fileRef = 04A2CFB728B67A7C00A450B8 /* Products.storyboard */; };
		04A2CFBA28B67ADF00A450B8 /* ProductsViewController.swift in Sources */ = {isa = PBXBuildFile; fileRef = 04A2CFB928B67ADF00A450B8 /* ProductsViewController.swift */; };
		04A2CFBC28B67B3400A450B8 /* ProductsViewModel.swift in Sources */ = {isa = PBXBuildFile; fileRef = 04A2CFBB28B67B3300A450B8 /* ProductsViewModel.swift */; };
		04A2CFBE28B67B4B00A450B8 /* ProductsProtocol.swift in Sources */ = {isa = PBXBuildFile; fileRef = 04A2CFBD28B67B4B00A450B8 /* ProductsProtocol.swift */; };
		29FEDFA4FF9ED1D2EA0A1E7E /* Pods_My_Market.framework in Frameworks */ = {isa = PBXBuildFile; fileRef = 10FAE4326B3690E5C81C31EA /* Pods_My_Market.framework */; };
		5B8CD7C6096F8B3446C24A44 /* Pods_My_MarketTests.framework in Frameworks */ = {isa = PBXBuildFile; fileRef = 129EA7C4A15DFC63B5B7ADAD /* Pods_My_MarketTests.framework */; };
		E61F4D99678260F566A9958F /* Pods_My_Market_My_MarketUITests.framework in Frameworks */ = {isa = PBXBuildFile; fileRef = C799609887815CE2DD84C154 /* Pods_My_Market_My_MarketUITests.framework */; };
/* End PBXBuildFile section */

/* Begin PBXContainerItemProxy section */
		04A2CF8A28B6724400A450B8 /* PBXContainerItemProxy */ = {
			isa = PBXContainerItemProxy;
			containerPortal = 04A2CF6B28B6724200A450B8 /* Project object */;
			proxyType = 1;
			remoteGlobalIDString = 04A2CF7228B6724200A450B8;
			remoteInfo = "My Market";
		};
		04A2CF9428B6724400A450B8 /* PBXContainerItemProxy */ = {
			isa = PBXContainerItemProxy;
			containerPortal = 04A2CF6B28B6724200A450B8 /* Project object */;
			proxyType = 1;
			remoteGlobalIDString = 04A2CF7228B6724200A450B8;
			remoteInfo = "My Market";
		};
/* End PBXContainerItemProxy section */

/* Begin PBXFileReference section */
		0423FDA228B7940F00340ADD /* ShoppingCart_ViewController.swift */ = {isa = PBXFileReference; lastKnownFileType = sourcecode.swift; path = ShoppingCart_ViewController.swift; sourceTree = "<group>"; };
		0423FDA428B794B400340ADD /* ShoppingCart_ViewModel.swift */ = {isa = PBXFileReference; lastKnownFileType = sourcecode.swift; path = ShoppingCart_ViewModel.swift; sourceTree = "<group>"; };
		0423FDA628B794CA00340ADD /* ShoppingCart_Protocol.swift */ = {isa = PBXFileReference; lastKnownFileType = sourcecode.swift; path = ShoppingCart_Protocol.swift; sourceTree = "<group>"; };
		0423FDA828B7A6D700340ADD /* ProductModel_firebase.swift */ = {isa = PBXFileReference; lastKnownFileType = sourcecode.swift; path = ProductModel_firebase.swift; sourceTree = "<group>"; };
		0423FDAC28B7B76800340ADD /* GetCurrentTime.swift */ = {isa = PBXFileReference; lastKnownFileType = sourcecode.swift; path = GetCurrentTime.swift; sourceTree = "<group>"; };
		0423FDB028B7F7D100340ADD /* Product_TableViewCell_Protocols.swift */ = {isa = PBXFileReference; lastKnownFileType = sourcecode.swift; path = Product_TableViewCell_Protocols.swift; sourceTree = "<group>"; };
		043331D628B75368000D5EDE /* GoogleService-Info.plist */ = {isa = PBXFileReference; fileEncoding = 4; lastKnownFileType = text.plist.xml; path = "GoogleService-Info.plist"; sourceTree = "<group>"; };
		043331D828B75D28000D5EDE /* FirebaseManager.swift */ = {isa = PBXFileReference; lastKnownFileType = sourcecode.swift; path = FirebaseManager.swift; sourceTree = "<group>"; };
		043331DA28B75D5E000D5EDE /* FirebaseServices.swift */ = {isa = PBXFileReference; lastKnownFileType = sourcecode.swift; path = FirebaseServices.swift; sourceTree = "<group>"; };
		043331DD28B770CD000D5EDE /* AddAlertView.swift */ = {isa = PBXFileReference; lastKnownFileType = sourcecode.swift; path = AddAlertView.swift; sourceTree = "<group>"; };
		0433534E28B6984B0071A974 /* Product_TableViewCell.swift */ = {isa = PBXFileReference; lastKnownFileType = sourcecode.swift; path = Product_TableViewCell.swift; sourceTree = "<group>"; };
		0433534F28B6984B0071A974 /* Product_TableViewCell.xib */ = {isa = PBXFileReference; lastKnownFileType = file.xib; path = Product_TableViewCell.xib; sourceTree = "<group>"; };
		0433535428B6A2660071A974 /* Constants.swift */ = {isa = PBXFileReference; lastKnownFileType = sourcecode.swift; path = Constants.swift; sourceTree = "<group>"; };
		04A2CF7328B6724200A450B8 /* My Market.app */ = {isa = PBXFileReference; explicitFileType = wrapper.application; includeInIndex = 0; path = "My Market.app"; sourceTree = BUILT_PRODUCTS_DIR; };
		04A2CF7628B6724200A450B8 /* AppDelegate.swift */ = {isa = PBXFileReference; lastKnownFileType = sourcecode.swift; path = AppDelegate.swift; sourceTree = "<group>"; };
		04A2CF7828B6724200A450B8 /* SceneDelegate.swift */ = {isa = PBXFileReference; lastKnownFileType = sourcecode.swift; path = SceneDelegate.swift; sourceTree = "<group>"; };
		04A2CF7F28B6724300A450B8 /* Assets.xcassets */ = {isa = PBXFileReference; lastKnownFileType = folder.assetcatalog; path = Assets.xcassets; sourceTree = "<group>"; };
		04A2CF8228B6724300A450B8 /* Base */ = {isa = PBXFileReference; lastKnownFileType = file.storyboard; name = Base; path = Base.lproj/LaunchScreen.storyboard; sourceTree = "<group>"; };
		04A2CF8428B6724300A450B8 /* Info.plist */ = {isa = PBXFileReference; lastKnownFileType = text.plist.xml; path = Info.plist; sourceTree = "<group>"; };
		04A2CF8928B6724400A450B8 /* My MarketTests.xctest */ = {isa = PBXFileReference; explicitFileType = wrapper.cfbundle; includeInIndex = 0; path = "My MarketTests.xctest"; sourceTree = BUILT_PRODUCTS_DIR; };
		04A2CF8D28B6724400A450B8 /* My_MarketTests.swift */ = {isa = PBXFileReference; lastKnownFileType = sourcecode.swift; path = My_MarketTests.swift; sourceTree = "<group>"; };
		04A2CF9328B6724400A450B8 /* My MarketUITests.xctest */ = {isa = PBXFileReference; explicitFileType = wrapper.cfbundle; includeInIndex = 0; path = "My MarketUITests.xctest"; sourceTree = BUILT_PRODUCTS_DIR; };
		04A2CF9728B6724400A450B8 /* My_MarketUITests.swift */ = {isa = PBXFileReference; lastKnownFileType = sourcecode.swift; path = My_MarketUITests.swift; sourceTree = "<group>"; };
		04A2CF9928B6724400A450B8 /* My_MarketUITestsLaunchTests.swift */ = {isa = PBXFileReference; lastKnownFileType = sourcecode.swift; path = My_MarketUITestsLaunchTests.swift; sourceTree = "<group>"; };
		04A2CFA628B6745400A450B8 /* Urls.swift */ = {isa = PBXFileReference; lastKnownFileType = sourcecode.swift; path = Urls.swift; sourceTree = "<group>"; };
		04A2CFA828B6750C00A450B8 /* Products_Model.swift */ = {isa = PBXFileReference; lastKnownFileType = sourcecode.swift; path = Products_Model.swift; sourceTree = "<group>"; };
		04A2CFAC28B675CB00A450B8 /* NetworkManager.swift */ = {isa = PBXFileReference; lastKnownFileType = sourcecode.swift; path = NetworkManager.swift; sourceTree = "<group>"; };
		04A2CFB328B6788100A450B8 /* APIServices.swift */ = {isa = PBXFileReference; lastKnownFileType = sourcecode.swift; path = APIServices.swift; sourceTree = "<group>"; };
		04A2CFB728B67A7C00A450B8 /* Products.storyboard */ = {isa = PBXFileReference; lastKnownFileType = file.storyboard; path = Products.storyboard; sourceTree = "<group>"; };
		04A2CFB928B67ADF00A450B8 /* ProductsViewController.swift */ = {isa = PBXFileReference; lastKnownFileType = sourcecode.swift; path = ProductsViewController.swift; sourceTree = "<group>"; };
		04A2CFBB28B67B3300A450B8 /* ProductsViewModel.swift */ = {isa = PBXFileReference; lastKnownFileType = sourcecode.swift; path = ProductsViewModel.swift; sourceTree = "<group>"; };
		04A2CFBD28B67B4B00A450B8 /* ProductsProtocol.swift */ = {isa = PBXFileReference; lastKnownFileType = sourcecode.swift; path = ProductsProtocol.swift; sourceTree = "<group>"; };
		10FAE4326B3690E5C81C31EA /* Pods_My_Market.framework */ = {isa = PBXFileReference; explicitFileType = wrapper.framework; includeInIndex = 0; path = Pods_My_Market.framework; sourceTree = BUILT_PRODUCTS_DIR; };
		129EA7C4A15DFC63B5B7ADAD /* Pods_My_MarketTests.framework */ = {isa = PBXFileReference; explicitFileType = wrapper.framework; includeInIndex = 0; path = Pods_My_MarketTests.framework; sourceTree = BUILT_PRODUCTS_DIR; };
		2590843328BB68839AD03993 /* Pods-My Market-My MarketUITests.release.xcconfig */ = {isa = PBXFileReference; includeInIndex = 1; lastKnownFileType = text.xcconfig; name = "Pods-My Market-My MarketUITests.release.xcconfig"; path = "Target Support Files/Pods-My Market-My MarketUITests/Pods-My Market-My MarketUITests.release.xcconfig"; sourceTree = "<group>"; };
		48AFDDB8E9F4A8A10B19B36F /* Pods-My MarketTests.debug.xcconfig */ = {isa = PBXFileReference; includeInIndex = 1; lastKnownFileType = text.xcconfig; name = "Pods-My MarketTests.debug.xcconfig"; path = "Target Support Files/Pods-My MarketTests/Pods-My MarketTests.debug.xcconfig"; sourceTree = "<group>"; };
		7E512BBAD876F79FEA018A2B /* Pods-My Market-My MarketUITests.debug.xcconfig */ = {isa = PBXFileReference; includeInIndex = 1; lastKnownFileType = text.xcconfig; name = "Pods-My Market-My MarketUITests.debug.xcconfig"; path = "Target Support Files/Pods-My Market-My MarketUITests/Pods-My Market-My MarketUITests.debug.xcconfig"; sourceTree = "<group>"; };
		BFADB29E3BB0C81FB1DE5D1A /* Pods-My MarketTests.release.xcconfig */ = {isa = PBXFileReference; includeInIndex = 1; lastKnownFileType = text.xcconfig; name = "Pods-My MarketTests.release.xcconfig"; path = "Target Support Files/Pods-My MarketTests/Pods-My MarketTests.release.xcconfig"; sourceTree = "<group>"; };
		C5C53A712AE66A7986221C30 /* Pods-My Market.release.xcconfig */ = {isa = PBXFileReference; includeInIndex = 1; lastKnownFileType = text.xcconfig; name = "Pods-My Market.release.xcconfig"; path = "Target Support Files/Pods-My Market/Pods-My Market.release.xcconfig"; sourceTree = "<group>"; };
		C799609887815CE2DD84C154 /* Pods_My_Market_My_MarketUITests.framework */ = {isa = PBXFileReference; explicitFileType = wrapper.framework; includeInIndex = 0; path = Pods_My_Market_My_MarketUITests.framework; sourceTree = BUILT_PRODUCTS_DIR; };
		D051E9FC085309F26A170B04 /* Pods-My Market.debug.xcconfig */ = {isa = PBXFileReference; includeInIndex = 1; lastKnownFileType = text.xcconfig; name = "Pods-My Market.debug.xcconfig"; path = "Target Support Files/Pods-My Market/Pods-My Market.debug.xcconfig"; sourceTree = "<group>"; };
/* End PBXFileReference section */

/* Begin PBXFrameworksBuildPhase section */
		04A2CF7028B6724200A450B8 /* Frameworks */ = {
			isa = PBXFrameworksBuildPhase;
			buildActionMask = 2147483647;
			files = (
				29FEDFA4FF9ED1D2EA0A1E7E /* Pods_My_Market.framework in Frameworks */,
			);
			runOnlyForDeploymentPostprocessing = 0;
		};
		04A2CF8628B6724400A450B8 /* Frameworks */ = {
			isa = PBXFrameworksBuildPhase;
			buildActionMask = 2147483647;
			files = (
				5B8CD7C6096F8B3446C24A44 /* Pods_My_MarketTests.framework in Frameworks */,
			);
			runOnlyForDeploymentPostprocessing = 0;
		};
		04A2CF9028B6724400A450B8 /* Frameworks */ = {
			isa = PBXFrameworksBuildPhase;
			buildActionMask = 2147483647;
			files = (
				E61F4D99678260F566A9958F /* Pods_My_Market_My_MarketUITests.framework in Frameworks */,
			);
			runOnlyForDeploymentPostprocessing = 0;
		};
/* End PBXFrameworksBuildPhase section */

/* Begin PBXGroup section */
		0423FDAE28B7F2A100340ADD /* FirebaseServices */ = {
			isa = PBXGroup;
			children = (
				043331DA28B75D5E000D5EDE /* FirebaseServices.swift */,
			);
			path = FirebaseServices;
			sourceTree = "<group>";
		};
		0423FDAF28B7F79E00340ADD /* Product_TableViewCell */ = {
			isa = PBXGroup;
			children = (
				0433534E28B6984B0071A974 /* Product_TableViewCell.swift */,
				0423FDB028B7F7D100340ADD /* Product_TableViewCell_Protocols.swift */,
			);
			path = Product_TableViewCell;
			sourceTree = "<group>";
		};
		043331DC28B770AE000D5EDE /* Utilitis */ = {
			isa = PBXGroup;
			children = (
				043331DD28B770CD000D5EDE /* AddAlertView.swift */,
				0423FDAC28B7B76800340ADD /* GetCurrentTime.swift */,
			);
			path = Utilitis;
			sourceTree = "<group>";
		};
		0433535228B698650071A974 /* Cell */ = {
			isa = PBXGroup;
			children = (
				0423FDAF28B7F79E00340ADD /* Product_TableViewCell */,
			);
			path = Cell;
			sourceTree = "<group>";
		};
		0433535328B698710071A974 /* Cell */ = {
			isa = PBXGroup;
			children = (
				0433534F28B6984B0071A974 /* Product_TableViewCell.xib */,
			);
			path = Cell;
			sourceTree = "<group>";
		};
		04A2CF6A28B6724200A450B8 = {
			isa = PBXGroup;
			children = (
				04A2CF7528B6724200A450B8 /* My Market */,
				04A2CF8C28B6724400A450B8 /* My MarketTests */,
				04A2CF9628B6724400A450B8 /* My MarketUITests */,
				04A2CF7428B6724200A450B8 /* Products */,
				DFFC2F080FB6B5F1EE179418 /* Pods */,
				C13A7A1A3CD9A20771132DF8 /* Frameworks */,
			);
			sourceTree = "<group>";
		};
		04A2CF7428B6724200A450B8 /* Products */ = {
			isa = PBXGroup;
			children = (
				04A2CF7328B6724200A450B8 /* My Market.app */,
				04A2CF8928B6724400A450B8 /* My MarketTests.xctest */,
				04A2CF9328B6724400A450B8 /* My MarketUITests.xctest */,
			);
			name = Products;
			sourceTree = "<group>";
		};
		04A2CF7528B6724200A450B8 /* My Market */ = {
			isa = PBXGroup;
			children = (
				04A2CF7628B6724200A450B8 /* AppDelegate.swift */,
				04A2CF7828B6724200A450B8 /* SceneDelegate.swift */,
				04A2CF7F28B6724300A450B8 /* Assets.xcassets */,
				04A2CF8428B6724300A450B8 /* Info.plist */,
				043331D628B75368000D5EDE /* GoogleService-Info.plist */,
				043331DC28B770AE000D5EDE /* Utilitis */,
				04A2CFB128B6785300A450B8 /* Services */,
				04A2CFAB28B675B200A450B8 /* Network Manager */,
				04A2CFAA28B6758C00A450B8 /* Model */,
				04A2CFAE28B6779C00A450B8 /* View */,
				04A2CFB628B6793A00A450B8 /* View Model */,
			);
			path = "My Market";
			sourceTree = "<group>";
		};
		04A2CF8C28B6724400A450B8 /* My MarketTests */ = {
			isa = PBXGroup;
			children = (
				04A2CF8D28B6724400A450B8 /* My_MarketTests.swift */,
			);
			path = "My MarketTests";
			sourceTree = "<group>";
		};
		04A2CF9628B6724400A450B8 /* My MarketUITests */ = {
			isa = PBXGroup;
			children = (
				04A2CF9728B6724400A450B8 /* My_MarketUITests.swift */,
				04A2CF9928B6724400A450B8 /* My_MarketUITestsLaunchTests.swift */,
			);
			path = "My MarketUITests";
			sourceTree = "<group>";
		};
		04A2CFAA28B6758C00A450B8 /* Model */ = {
			isa = PBXGroup;
			children = (
				04A2CFA628B6745400A450B8 /* Urls.swift */,
				04A2CFA828B6750C00A450B8 /* Products_Model.swift */,
				0423FDA828B7A6D700340ADD /* ProductModel_firebase.swift */,
				0433535428B6A2660071A974 /* Constants.swift */,
			);
			path = Model;
			sourceTree = "<group>";
		};
		04A2CFAB28B675B200A450B8 /* Network Manager */ = {
			isa = PBXGroup;
			children = (
				04A2CFAC28B675CB00A450B8 /* NetworkManager.swift */,
				043331D828B75D28000D5EDE /* FirebaseManager.swift */,
			);
			path = "Network Manager";
			sourceTree = "<group>";
		};
		04A2CFAE28B6779C00A450B8 /* View */ = {
			isa = PBXGroup;
			children = (
				04A2CFAF28B677AE00A450B8 /* ViewControllers */,
				04A2CFB028B677C300A450B8 /* Storyboards */,
			);
			path = View;
			sourceTree = "<group>";
		};
		04A2CFAF28B677AE00A450B8 /* ViewControllers */ = {
			isa = PBXGroup;
			children = (
				04A2CFB928B67ADF00A450B8 /* ProductsViewController.swift */,
				0423FDA228B7940F00340ADD /* ShoppingCart_ViewController.swift */,
				0433535228B698650071A974 /* Cell */,
			);
			path = ViewControllers;
			sourceTree = "<group>";
		};
		04A2CFB028B677C300A450B8 /* Storyboards */ = {
			isa = PBXGroup;
			children = (
				04A2CF8128B6724300A450B8 /* LaunchScreen.storyboard */,
				04A2CFB728B67A7C00A450B8 /* Products.storyboard */,
				0433535328B698710071A974 /* Cell */,
			);
			path = Storyboards;
			sourceTree = "<group>";
		};
		04A2CFB128B6785300A450B8 /* Services */ = {
			isa = PBXGroup;
			children = (
				04A2CFB528B6788900A450B8 /* APIServices */,
				0423FDAE28B7F2A100340ADD /* FirebaseServices */,
			);
			path = Services;
			sourceTree = "<group>";
		};
		04A2CFB528B6788900A450B8 /* APIServices */ = {
			isa = PBXGroup;
			children = (
				04A2CFB328B6788100A450B8 /* APIServices.swift */,
			);
			path = APIServices;
			sourceTree = "<group>";
		};
		04A2CFB628B6793A00A450B8 /* View Model */ = {
			isa = PBXGroup;
			children = (
				04A2CFBB28B67B3300A450B8 /* ProductsViewModel.swift */,
				04A2CFBD28B67B4B00A450B8 /* ProductsProtocol.swift */,
				0423FDA428B794B400340ADD /* ShoppingCart_ViewModel.swift */,
				0423FDA628B794CA00340ADD /* ShoppingCart_Protocol.swift */,
			);
			path = "View Model";
			sourceTree = "<group>";
		};
		C13A7A1A3CD9A20771132DF8 /* Frameworks */ = {
			isa = PBXGroup;
			children = (
				10FAE4326B3690E5C81C31EA /* Pods_My_Market.framework */,
				C799609887815CE2DD84C154 /* Pods_My_Market_My_MarketUITests.framework */,
				129EA7C4A15DFC63B5B7ADAD /* Pods_My_MarketTests.framework */,
			);
			name = Frameworks;
			sourceTree = "<group>";
		};
		DFFC2F080FB6B5F1EE179418 /* Pods */ = {
			isa = PBXGroup;
			children = (
				D051E9FC085309F26A170B04 /* Pods-My Market.debug.xcconfig */,
				C5C53A712AE66A7986221C30 /* Pods-My Market.release.xcconfig */,
				7E512BBAD876F79FEA018A2B /* Pods-My Market-My MarketUITests.debug.xcconfig */,
				2590843328BB68839AD03993 /* Pods-My Market-My MarketUITests.release.xcconfig */,
				48AFDDB8E9F4A8A10B19B36F /* Pods-My MarketTests.debug.xcconfig */,
				BFADB29E3BB0C81FB1DE5D1A /* Pods-My MarketTests.release.xcconfig */,
			);
			path = Pods;
			sourceTree = "<group>";
		};
/* End PBXGroup section */

/* Begin PBXNativeTarget section */
		04A2CF7228B6724200A450B8 /* My Market */ = {
			isa = PBXNativeTarget;
			buildConfigurationList = 04A2CF9D28B6724400A450B8 /* Build configuration list for PBXNativeTarget "My Market" */;
			buildPhases = (
				701DCE9B4394BE39B9A43416 /* [CP] Check Pods Manifest.lock */,
				04A2CF6F28B6724200A450B8 /* Sources */,
				04A2CF7028B6724200A450B8 /* Frameworks */,
				04A2CF7128B6724200A450B8 /* Resources */,
				2E620B7CA41D14ED31140110 /* [CP] Embed Pods Frameworks */,
			);
			buildRules = (
			);
			dependencies = (
			);
			name = "My Market";
			productName = "My Market";
			productReference = 04A2CF7328B6724200A450B8 /* My Market.app */;
			productType = "com.apple.product-type.application";
		};
		04A2CF8828B6724400A450B8 /* My MarketTests */ = {
			isa = PBXNativeTarget;
			buildConfigurationList = 04A2CFA028B6724400A450B8 /* Build configuration list for PBXNativeTarget "My MarketTests" */;
			buildPhases = (
				C43776D47354FAF8704D76EB /* [CP] Check Pods Manifest.lock */,
				04A2CF8528B6724400A450B8 /* Sources */,
				04A2CF8628B6724400A450B8 /* Frameworks */,
				04A2CF8728B6724400A450B8 /* Resources */,
			);
			buildRules = (
			);
			dependencies = (
				04A2CF8B28B6724400A450B8 /* PBXTargetDependency */,
			);
			name = "My MarketTests";
			productName = "My MarketTests";
			productReference = 04A2CF8928B6724400A450B8 /* My MarketTests.xctest */;
			productType = "com.apple.product-type.bundle.unit-test";
		};
		04A2CF9228B6724400A450B8 /* My MarketUITests */ = {
			isa = PBXNativeTarget;
			buildConfigurationList = 04A2CFA328B6724400A450B8 /* Build configuration list for PBXNativeTarget "My MarketUITests" */;
			buildPhases = (
				F09B7CFF084612087565F24D /* [CP] Check Pods Manifest.lock */,
				04A2CF8F28B6724400A450B8 /* Sources */,
				04A2CF9028B6724400A450B8 /* Frameworks */,
				04A2CF9128B6724400A450B8 /* Resources */,
				4FB45944CF800D0C5C1BEF7A /* [CP] Embed Pods Frameworks */,
			);
			buildRules = (
			);
			dependencies = (
				04A2CF9528B6724400A450B8 /* PBXTargetDependency */,
			);
			name = "My MarketUITests";
			productName = "My MarketUITests";
			productReference = 04A2CF9328B6724400A450B8 /* My MarketUITests.xctest */;
			productType = "com.apple.product-type.bundle.ui-testing";
		};
/* End PBXNativeTarget section */

/* Begin PBXProject section */
		04A2CF6B28B6724200A450B8 /* Project object */ = {
			isa = PBXProject;
			attributes = {
				BuildIndependentTargetsInParallel = 1;
				LastSwiftUpdateCheck = 1300;
				LastUpgradeCheck = 1300;
				TargetAttributes = {
					04A2CF7228B6724200A450B8 = {
						CreatedOnToolsVersion = 13.0;
					};
					04A2CF8828B6724400A450B8 = {
						CreatedOnToolsVersion = 13.0;
						TestTargetID = 04A2CF7228B6724200A450B8;
					};
					04A2CF9228B6724400A450B8 = {
						CreatedOnToolsVersion = 13.0;
						TestTargetID = 04A2CF7228B6724200A450B8;
					};
				};
			};
			buildConfigurationList = 04A2CF6E28B6724200A450B8 /* Build configuration list for PBXProject "My Market" */;
			compatibilityVersion = "Xcode 13.0";
			developmentRegion = en;
			hasScannedForEncodings = 0;
			knownRegions = (
				en,
				Base,
			);
			mainGroup = 04A2CF6A28B6724200A450B8;
			productRefGroup = 04A2CF7428B6724200A450B8 /* Products */;
			projectDirPath = "";
			projectRoot = "";
			targets = (
				04A2CF7228B6724200A450B8 /* My Market */,
				04A2CF8828B6724400A450B8 /* My MarketTests */,
				04A2CF9228B6724400A450B8 /* My MarketUITests */,
			);
		};
/* End PBXProject section */

/* Begin PBXResourcesBuildPhase section */
		04A2CF7128B6724200A450B8 /* Resources */ = {
			isa = PBXResourcesBuildPhase;
			buildActionMask = 2147483647;
			files = (
				04A2CFB828B67A7C00A450B8 /* Products.storyboard in Resources */,
				0433535128B6984B0071A974 /* Product_TableViewCell.xib in Resources */,
				043331D728B75368000D5EDE /* GoogleService-Info.plist in Resources */,
				04A2CF8328B6724300A450B8 /* LaunchScreen.storyboard in Resources */,
				04A2CF8028B6724300A450B8 /* Assets.xcassets in Resources */,
			);
			runOnlyForDeploymentPostprocessing = 0;
		};
		04A2CF8728B6724400A450B8 /* Resources */ = {
			isa = PBXResourcesBuildPhase;
			buildActionMask = 2147483647;
			files = (
			);
			runOnlyForDeploymentPostprocessing = 0;
		};
		04A2CF9128B6724400A450B8 /* Resources */ = {
			isa = PBXResourcesBuildPhase;
			buildActionMask = 2147483647;
			files = (
			);
			runOnlyForDeploymentPostprocessing = 0;
		};
/* End PBXResourcesBuildPhase section */

/* Begin PBXShellScriptBuildPhase section */
		2E620B7CA41D14ED31140110 /* [CP] Embed Pods Frameworks */ = {
			isa = PBXShellScriptBuildPhase;
			buildActionMask = 2147483647;
			files = (
			);
			inputFileListPaths = (
				"${PODS_ROOT}/Target Support Files/Pods-My Market/Pods-My Market-frameworks-${CONFIGURATION}-input-files.xcfilelist",
			);
			name = "[CP] Embed Pods Frameworks";
			outputFileListPaths = (
				"${PODS_ROOT}/Target Support Files/Pods-My Market/Pods-My Market-frameworks-${CONFIGURATION}-output-files.xcfilelist",
			);
			runOnlyForDeploymentPostprocessing = 0;
			shellPath = /bin/sh;
			shellScript = "\"${PODS_ROOT}/Target Support Files/Pods-My Market/Pods-My Market-frameworks.sh\"\n";
			showEnvVarsInLog = 0;
		};
		4FB45944CF800D0C5C1BEF7A /* [CP] Embed Pods Frameworks */ = {
			isa = PBXShellScriptBuildPhase;
			buildActionMask = 2147483647;
			files = (
			);
			inputFileListPaths = (
				"${PODS_ROOT}/Target Support Files/Pods-My Market-My MarketUITests/Pods-My Market-My MarketUITests-frameworks-${CONFIGURATION}-input-files.xcfilelist",
			);
			name = "[CP] Embed Pods Frameworks";
			outputFileListPaths = (
				"${PODS_ROOT}/Target Support Files/Pods-My Market-My MarketUITests/Pods-My Market-My MarketUITests-frameworks-${CONFIGURATION}-output-files.xcfilelist",
			);
			runOnlyForDeploymentPostprocessing = 0;
			shellPath = /bin/sh;
			shellScript = "\"${PODS_ROOT}/Target Support Files/Pods-My Market-My MarketUITests/Pods-My Market-My MarketUITests-frameworks.sh\"\n";
			showEnvVarsInLog = 0;
		};
		701DCE9B4394BE39B9A43416 /* [CP] Check Pods Manifest.lock */ = {
			isa = PBXShellScriptBuildPhase;
			buildActionMask = 2147483647;
			files = (
			);
			inputFileListPaths = (
			);
			inputPaths = (
				"${PODS_PODFILE_DIR_PATH}/Podfile.lock",
				"${PODS_ROOT}/Manifest.lock",
			);
			name = "[CP] Check Pods Manifest.lock";
			outputFileListPaths = (
			);
			outputPaths = (
				"$(DERIVED_FILE_DIR)/Pods-My Market-checkManifestLockResult.txt",
			);
			runOnlyForDeploymentPostprocessing = 0;
			shellPath = /bin/sh;
			shellScript = "diff \"${PODS_PODFILE_DIR_PATH}/Podfile.lock\" \"${PODS_ROOT}/Manifest.lock\" > /dev/null\nif [ $? != 0 ] ; then\n    # print error to STDERR\n    echo \"error: The sandbox is not in sync with the Podfile.lock. Run 'pod install' or update your CocoaPods installation.\" >&2\n    exit 1\nfi\n# This output is used by Xcode 'outputs' to avoid re-running this script phase.\necho \"SUCCESS\" > \"${SCRIPT_OUTPUT_FILE_0}\"\n";
			showEnvVarsInLog = 0;
		};
		C43776D47354FAF8704D76EB /* [CP] Check Pods Manifest.lock */ = {
			isa = PBXShellScriptBuildPhase;
			buildActionMask = 2147483647;
			files = (
			);
			inputFileListPaths = (
			);
			inputPaths = (
				"${PODS_PODFILE_DIR_PATH}/Podfile.lock",
				"${PODS_ROOT}/Manifest.lock",
			);
			name = "[CP] Check Pods Manifest.lock";
			outputFileListPaths = (
			);
			outputPaths = (
				"$(DERIVED_FILE_DIR)/Pods-My MarketTests-checkManifestLockResult.txt",
			);
			runOnlyForDeploymentPostprocessing = 0;
			shellPath = /bin/sh;
			shellScript = "diff \"${PODS_PODFILE_DIR_PATH}/Podfile.lock\" \"${PODS_ROOT}/Manifest.lock\" > /dev/null\nif [ $? != 0 ] ; then\n    # print error to STDERR\n    echo \"error: The sandbox is not in sync with the Podfile.lock. Run 'pod install' or update your CocoaPods installation.\" >&2\n    exit 1\nfi\n# This output is used by Xcode 'outputs' to avoid re-running this script phase.\necho \"SUCCESS\" > \"${SCRIPT_OUTPUT_FILE_0}\"\n";
			showEnvVarsInLog = 0;
		};
		F09B7CFF084612087565F24D /* [CP] Check Pods Manifest.lock */ = {
			isa = PBXShellScriptBuildPhase;
			buildActionMask = 2147483647;
			files = (
			);
			inputFileListPaths = (
			);
			inputPaths = (
				"${PODS_PODFILE_DIR_PATH}/Podfile.lock",
				"${PODS_ROOT}/Manifest.lock",
			);
			name = "[CP] Check Pods Manifest.lock";
			outputFileListPaths = (
			);
			outputPaths = (
				"$(DERIVED_FILE_DIR)/Pods-My Market-My MarketUITests-checkManifestLockResult.txt",
			);
			runOnlyForDeploymentPostprocessing = 0;
			shellPath = /bin/sh;
			shellScript = "diff \"${PODS_PODFILE_DIR_PATH}/Podfile.lock\" \"${PODS_ROOT}/Manifest.lock\" > /dev/null\nif [ $? != 0 ] ; then\n    # print error to STDERR\n    echo \"error: The sandbox is not in sync with the Podfile.lock. Run 'pod install' or update your CocoaPods installation.\" >&2\n    exit 1\nfi\n# This output is used by Xcode 'outputs' to avoid re-running this script phase.\necho \"SUCCESS\" > \"${SCRIPT_OUTPUT_FILE_0}\"\n";
			showEnvVarsInLog = 0;
		};
/* End PBXShellScriptBuildPhase section */

/* Begin PBXSourcesBuildPhase section */
		04A2CF6F28B6724200A450B8 /* Sources */ = {
			isa = PBXSourcesBuildPhase;
			buildActionMask = 2147483647;
			files = (
				043331D928B75D28000D5EDE /* FirebaseManager.swift in Sources */,
				04A2CFAD28B675CB00A450B8 /* NetworkManager.swift in Sources */,
				0433535528B6A2660071A974 /* Constants.swift in Sources */,
				04A2CFA928B6750C00A450B8 /* Products_Model.swift in Sources */,
				0423FDA528B794B400340ADD /* ShoppingCart_ViewModel.swift in Sources */,
				04A2CFBC28B67B3400A450B8 /* ProductsViewModel.swift in Sources */,
				04A2CFBA28B67ADF00A450B8 /* ProductsViewController.swift in Sources */,
				04A2CFBE28B67B4B00A450B8 /* ProductsProtocol.swift in Sources */,
				0423FDAD28B7B76800340ADD /* GetCurrentTime.swift in Sources */,
				0433535028B6984B0071A974 /* Product_TableViewCell.swift in Sources */,
				04A2CF7728B6724200A450B8 /* AppDelegate.swift in Sources */,
				04A2CF7928B6724200A450B8 /* SceneDelegate.swift in Sources */,
				04A2CFB428B6788100A450B8 /* APIServices.swift in Sources */,
				0423FDA328B7940F00340ADD /* ShoppingCart_ViewController.swift in Sources */,
				0423FDA728B794CA00340ADD /* ShoppingCart_Protocol.swift in Sources */,
				043331DE28B770CD000D5EDE /* AddAlertView.swift in Sources */,
				04A2CFA728B6745400A450B8 /* Urls.swift in Sources */,
				0423FDA928B7A6D700340ADD /* ProductModel_firebase.swift in Sources */,
				043331DB28B75D5E000D5EDE /* FirebaseServices.swift in Sources */,
				0423FDB128B7F7D100340ADD /* Product_TableViewCell_Protocols.swift in Sources */,
			);
			runOnlyForDeploymentPostprocessing = 0;
		};
		04A2CF8528B6724400A450B8 /* Sources */ = {
			isa = PBXSourcesBuildPhase;
			buildActionMask = 2147483647;
			files = (
				04A2CF8E28B6724400A450B8 /* My_MarketTests.swift in Sources */,
			);
			runOnlyForDeploymentPostprocessing = 0;
		};
		04A2CF8F28B6724400A450B8 /* Sources */ = {
			isa = PBXSourcesBuildPhase;
			buildActionMask = 2147483647;
			files = (
				04A2CF9A28B6724400A450B8 /* My_MarketUITestsLaunchTests.swift in Sources */,
				04A2CF9828B6724400A450B8 /* My_MarketUITests.swift in Sources */,
			);
			runOnlyForDeploymentPostprocessing = 0;
		};
/* End PBXSourcesBuildPhase section */

/* Begin PBXTargetDependency section */
		04A2CF8B28B6724400A450B8 /* PBXTargetDependency */ = {
			isa = PBXTargetDependency;
			target = 04A2CF7228B6724200A450B8 /* My Market */;
			targetProxy = 04A2CF8A28B6724400A450B8 /* PBXContainerItemProxy */;
		};
		04A2CF9528B6724400A450B8 /* PBXTargetDependency */ = {
			isa = PBXTargetDependency;
			target = 04A2CF7228B6724200A450B8 /* My Market */;
			targetProxy = 04A2CF9428B6724400A450B8 /* PBXContainerItemProxy */;
		};
/* End PBXTargetDependency section */

/* Begin PBXVariantGroup section */
		04A2CF8128B6724300A450B8 /* LaunchScreen.storyboard */ = {
			isa = PBXVariantGroup;
			children = (
				04A2CF8228B6724300A450B8 /* Base */,
			);
			name = LaunchScreen.storyboard;
			sourceTree = "<group>";
		};
/* End PBXVariantGroup section */

/* Begin XCBuildConfiguration section */
		04A2CF9B28B6724400A450B8 /* Debug */ = {
			isa = XCBuildConfiguration;
			buildSettings = {
				ALWAYS_SEARCH_USER_PATHS = NO;
				CLANG_ANALYZER_NONNULL = YES;
				CLANG_ANALYZER_NUMBER_OBJECT_CONVERSION = YES_AGGRESSIVE;
				CLANG_CXX_LANGUAGE_STANDARD = "gnu++17";
				CLANG_CXX_LIBRARY = "libc++";
				CLANG_ENABLE_MODULES = YES;
				CLANG_ENABLE_OBJC_ARC = YES;
				CLANG_ENABLE_OBJC_WEAK = YES;
				CLANG_WARN_BLOCK_CAPTURE_AUTORELEASING = YES;
				CLANG_WARN_BOOL_CONVERSION = YES;
				CLANG_WARN_COMMA = YES;
				CLANG_WARN_CONSTANT_CONVERSION = YES;
				CLANG_WARN_DEPRECATED_OBJC_IMPLEMENTATIONS = YES;
				CLANG_WARN_DIRECT_OBJC_ISA_USAGE = YES_ERROR;
				CLANG_WARN_DOCUMENTATION_COMMENTS = YES;
				CLANG_WARN_EMPTY_BODY = YES;
				CLANG_WARN_ENUM_CONVERSION = YES;
				CLANG_WARN_INFINITE_RECURSION = YES;
				CLANG_WARN_INT_CONVERSION = YES;
				CLANG_WARN_NON_LITERAL_NULL_CONVERSION = YES;
				CLANG_WARN_OBJC_IMPLICIT_RETAIN_SELF = YES;
				CLANG_WARN_OBJC_LITERAL_CONVERSION = YES;
				CLANG_WARN_OBJC_ROOT_CLASS = YES_ERROR;
				CLANG_WARN_QUOTED_INCLUDE_IN_FRAMEWORK_HEADER = YES;
				CLANG_WARN_RANGE_LOOP_ANALYSIS = YES;
				CLANG_WARN_STRICT_PROTOTYPES = YES;
				CLANG_WARN_SUSPICIOUS_MOVE = YES;
				CLANG_WARN_UNGUARDED_AVAILABILITY = YES_AGGRESSIVE;
				CLANG_WARN_UNREACHABLE_CODE = YES;
				CLANG_WARN__DUPLICATE_METHOD_MATCH = YES;
				COPY_PHASE_STRIP = NO;
				DEBUG_INFORMATION_FORMAT = dwarf;
				ENABLE_STRICT_OBJC_MSGSEND = YES;
				ENABLE_TESTABILITY = YES;
				GCC_C_LANGUAGE_STANDARD = gnu11;
				GCC_DYNAMIC_NO_PIC = NO;
				GCC_NO_COMMON_BLOCKS = YES;
				GCC_OPTIMIZATION_LEVEL = 0;
				GCC_PREPROCESSOR_DEFINITIONS = (
					"DEBUG=1",
					"$(inherited)",
				);
				GCC_WARN_64_TO_32_BIT_CONVERSION = YES;
				GCC_WARN_ABOUT_RETURN_TYPE = YES_ERROR;
				GCC_WARN_UNDECLARED_SELECTOR = YES;
				GCC_WARN_UNINITIALIZED_AUTOS = YES_AGGRESSIVE;
				GCC_WARN_UNUSED_FUNCTION = YES;
				GCC_WARN_UNUSED_VARIABLE = YES;
				IPHONEOS_DEPLOYMENT_TARGET = 15.0;
				MTL_ENABLE_DEBUG_INFO = INCLUDE_SOURCE;
				MTL_FAST_MATH = YES;
				ONLY_ACTIVE_ARCH = YES;
				SDKROOT = iphoneos;
				SWIFT_ACTIVE_COMPILATION_CONDITIONS = DEBUG;
				SWIFT_OPTIMIZATION_LEVEL = "-Onone";
			};
			name = Debug;
		};
		04A2CF9C28B6724400A450B8 /* Release */ = {
			isa = XCBuildConfiguration;
			buildSettings = {
				ALWAYS_SEARCH_USER_PATHS = NO;
				CLANG_ANALYZER_NONNULL = YES;
				CLANG_ANALYZER_NUMBER_OBJECT_CONVERSION = YES_AGGRESSIVE;
				CLANG_CXX_LANGUAGE_STANDARD = "gnu++17";
				CLANG_CXX_LIBRARY = "libc++";
				CLANG_ENABLE_MODULES = YES;
				CLANG_ENABLE_OBJC_ARC = YES;
				CLANG_ENABLE_OBJC_WEAK = YES;
				CLANG_WARN_BLOCK_CAPTURE_AUTORELEASING = YES;
				CLANG_WARN_BOOL_CONVERSION = YES;
				CLANG_WARN_COMMA = YES;
				CLANG_WARN_CONSTANT_CONVERSION = YES;
				CLANG_WARN_DEPRECATED_OBJC_IMPLEMENTATIONS = YES;
				CLANG_WARN_DIRECT_OBJC_ISA_USAGE = YES_ERROR;
				CLANG_WARN_DOCUMENTATION_COMMENTS = YES;
				CLANG_WARN_EMPTY_BODY = YES;
				CLANG_WARN_ENUM_CONVERSION = YES;
				CLANG_WARN_INFINITE_RECURSION = YES;
				CLANG_WARN_INT_CONVERSION = YES;
				CLANG_WARN_NON_LITERAL_NULL_CONVERSION = YES;
				CLANG_WARN_OBJC_IMPLICIT_RETAIN_SELF = YES;
				CLANG_WARN_OBJC_LITERAL_CONVERSION = YES;
				CLANG_WARN_OBJC_ROOT_CLASS = YES_ERROR;
				CLANG_WARN_QUOTED_INCLUDE_IN_FRAMEWORK_HEADER = YES;
				CLANG_WARN_RANGE_LOOP_ANALYSIS = YES;
				CLANG_WARN_STRICT_PROTOTYPES = YES;
				CLANG_WARN_SUSPICIOUS_MOVE = YES;
				CLANG_WARN_UNGUARDED_AVAILABILITY = YES_AGGRESSIVE;
				CLANG_WARN_UNREACHABLE_CODE = YES;
				CLANG_WARN__DUPLICATE_METHOD_MATCH = YES;
				COPY_PHASE_STRIP = NO;
				DEBUG_INFORMATION_FORMAT = "dwarf-with-dsym";
				ENABLE_NS_ASSERTIONS = NO;
				ENABLE_STRICT_OBJC_MSGSEND = YES;
				GCC_C_LANGUAGE_STANDARD = gnu11;
				GCC_NO_COMMON_BLOCKS = YES;
				GCC_WARN_64_TO_32_BIT_CONVERSION = YES;
				GCC_WARN_ABOUT_RETURN_TYPE = YES_ERROR;
				GCC_WARN_UNDECLARED_SELECTOR = YES;
				GCC_WARN_UNINITIALIZED_AUTOS = YES_AGGRESSIVE;
				GCC_WARN_UNUSED_FUNCTION = YES;
				GCC_WARN_UNUSED_VARIABLE = YES;
				IPHONEOS_DEPLOYMENT_TARGET = 15.0;
				MTL_ENABLE_DEBUG_INFO = NO;
				MTL_FAST_MATH = YES;
				SDKROOT = iphoneos;
				SWIFT_COMPILATION_MODE = wholemodule;
				SWIFT_OPTIMIZATION_LEVEL = "-O";
				VALIDATE_PRODUCT = YES;
			};
			name = Release;
		};
		04A2CF9E28B6724400A450B8 /* Debug */ = {
			isa = XCBuildConfiguration;
			baseConfigurationReference = D051E9FC085309F26A170B04 /* Pods-My Market.debug.xcconfig */;
			buildSettings = {
				ASSETCATALOG_COMPILER_APPICON_NAME = AppIcon;
				ASSETCATALOG_COMPILER_GLOBAL_ACCENT_COLOR_NAME = AccentColor;
				CODE_SIGN_STYLE = Automatic;
				CURRENT_PROJECT_VERSION = 1;
				DEVELOPMENT_TEAM = H7R64PMS92;
				GENERATE_INFOPLIST_FILE = YES;
				INFOPLIST_FILE = "My Market/Info.plist";
				INFOPLIST_KEY_UIApplicationSupportsIndirectInputEvents = YES;
				INFOPLIST_KEY_UILaunchStoryboardName = LaunchScreen;
				INFOPLIST_KEY_UIMainStoryboardFile = Products;
				INFOPLIST_KEY_UISupportedInterfaceOrientations_iPad = "UIInterfaceOrientationPortrait UIInterfaceOrientationPortraitUpsideDown UIInterfaceOrientationLandscapeLeft UIInterfaceOrientationLandscapeRight";
				INFOPLIST_KEY_UISupportedInterfaceOrientations_iPhone = "UIInterfaceOrientationPortrait UIInterfaceOrientationLandscapeLeft UIInterfaceOrientationLandscapeRight";
				LD_RUNPATH_SEARCH_PATHS = (
					"$(inherited)",
					"@executable_path/Frameworks",
				);
				MARKETING_VERSION = 1.0;
				PRODUCT_BUNDLE_IDENTIFIER = "MohamedSaad.My-Market";
				PRODUCT_NAME = "$(TARGET_NAME)";
				SWIFT_EMIT_LOC_STRINGS = YES;
				SWIFT_VERSION = 5.0;
				TARGETED_DEVICE_FAMILY = "1,2";
			};
			name = Debug;
		};
		04A2CF9F28B6724400A450B8 /* Release */ = {
			isa = XCBuildConfiguration;
			baseConfigurationReference = C5C53A712AE66A7986221C30 /* Pods-My Market.release.xcconfig */;
			buildSettings = {
				ASSETCATALOG_COMPILER_APPICON_NAME = AppIcon;
				ASSETCATALOG_COMPILER_GLOBAL_ACCENT_COLOR_NAME = AccentColor;
				CODE_SIGN_STYLE = Automatic;
				CURRENT_PROJECT_VERSION = 1;
				DEVELOPMENT_TEAM = H7R64PMS92;
				GENERATE_INFOPLIST_FILE = YES;
				INFOPLIST_FILE = "My Market/Info.plist";
				INFOPLIST_KEY_UIApplicationSupportsIndirectInputEvents = YES;
				INFOPLIST_KEY_UILaunchStoryboardName = LaunchScreen;
				INFOPLIST_KEY_UIMainStoryboardFile = Products;
				INFOPLIST_KEY_UISupportedInterfaceOrientations_iPad = "UIInterfaceOrientationPortrait UIInterfaceOrientationPortraitUpsideDown UIInterfaceOrientationLandscapeLeft UIInterfaceOrientationLandscapeRight";
				INFOPLIST_KEY_UISupportedInterfaceOrientations_iPhone = "UIInterfaceOrientationPortrait UIInterfaceOrientationLandscapeLeft UIInterfaceOrientationLandscapeRight";
				LD_RUNPATH_SEARCH_PATHS = (
					"$(inherited)",
					"@executable_path/Frameworks",
				);
				MARKETING_VERSION = 1.0;
				PRODUCT_BUNDLE_IDENTIFIER = "MohamedSaad.My-Market";
				PRODUCT_NAME = "$(TARGET_NAME)";
				SWIFT_EMIT_LOC_STRINGS = YES;
				SWIFT_VERSION = 5.0;
				TARGETED_DEVICE_FAMILY = "1,2";
			};
			name = Release;
		};
		04A2CFA128B6724400A450B8 /* Debug */ = {
			isa = XCBuildConfiguration;
			baseConfigurationReference = 48AFDDB8E9F4A8A10B19B36F /* Pods-My MarketTests.debug.xcconfig */;
			buildSettings = {
				ALWAYS_EMBED_SWIFT_STANDARD_LIBRARIES = YES;
				BUNDLE_LOADER = "$(TEST_HOST)";
				CODE_SIGN_STYLE = Automatic;
				CURRENT_PROJECT_VERSION = 1;
				DEVELOPMENT_TEAM = H7R64PMS92;
				GENERATE_INFOPLIST_FILE = YES;
				IPHONEOS_DEPLOYMENT_TARGET = 15.0;
				LD_RUNPATH_SEARCH_PATHS = (
					"$(inherited)",
					"@executable_path/Frameworks",
					"@loader_path/Frameworks",
				);
				MARKETING_VERSION = 1.0;
				PRODUCT_BUNDLE_IDENTIFIER = "MohamedSaad.My-MarketTests";
				PRODUCT_NAME = "$(TARGET_NAME)";
				SWIFT_EMIT_LOC_STRINGS = NO;
				SWIFT_VERSION = 5.0;
				TARGETED_DEVICE_FAMILY = "1,2";
				TEST_HOST = "$(BUILT_PRODUCTS_DIR)/My Market.app/My Market";
			};
			name = Debug;
		};
		04A2CFA228B6724400A450B8 /* Release */ = {
			isa = XCBuildConfiguration;
			baseConfigurationReference = BFADB29E3BB0C81FB1DE5D1A /* Pods-My MarketTests.release.xcconfig */;
			buildSettings = {
				ALWAYS_EMBED_SWIFT_STANDARD_LIBRARIES = YES;
				BUNDLE_LOADER = "$(TEST_HOST)";
				CODE_SIGN_STYLE = Automatic;
				CURRENT_PROJECT_VERSION = 1;
				DEVELOPMENT_TEAM = H7R64PMS92;
				GENERATE_INFOPLIST_FILE = YES;
				IPHONEOS_DEPLOYMENT_TARGET = 15.0;
				LD_RUNPATH_SEARCH_PATHS = (
					"$(inherited)",
					"@executable_path/Frameworks",
					"@loader_path/Frameworks",
				);
				MARKETING_VERSION = 1.0;
				PRODUCT_BUNDLE_IDENTIFIER = "MohamedSaad.My-MarketTests";
				PRODUCT_NAME = "$(TARGET_NAME)";
				SWIFT_EMIT_LOC_STRINGS = NO;
				SWIFT_VERSION = 5.0;
				TARGETED_DEVICE_FAMILY = "1,2";
				TEST_HOST = "$(BUILT_PRODUCTS_DIR)/My Market.app/My Market";
			};
			name = Release;
		};
		04A2CFA428B6724400A450B8 /* Debug */ = {
			isa = XCBuildConfiguration;
			baseConfigurationReference = 7E512BBAD876F79FEA018A2B /* Pods-My Market-My MarketUITests.debug.xcconfig */;
			buildSettings = {
				ALWAYS_EMBED_SWIFT_STANDARD_LIBRARIES = YES;
				CODE_SIGN_STYLE = Automatic;
				CURRENT_PROJECT_VERSION = 1;
				DEVELOPMENT_TEAM = H7R64PMS92;
				GENERATE_INFOPLIST_FILE = YES;
				LD_RUNPATH_SEARCH_PATHS = (
					"$(inherited)",
					"@executable_path/Frameworks",
					"@loader_path/Frameworks",
				);
				MARKETING_VERSION = 1.0;
				PRODUCT_BUNDLE_IDENTIFIER = "MohamedSaad.My-MarketUITests";
				PRODUCT_NAME = "$(TARGET_NAME)";
				SWIFT_EMIT_LOC_STRINGS = NO;
				SWIFT_VERSION = 5.0;
				TARGETED_DEVICE_FAMILY = "1,2";
				TEST_TARGET_NAME = "My Market";
			};
			name = Debug;
		};
		04A2CFA528B6724400A450B8 /* Release */ = {
			isa = XCBuildConfiguration;
			baseConfigurationReference = 2590843328BB68839AD03993 /* Pods-My Market-My MarketUITests.release.xcconfig */;
			buildSettings = {
				ALWAYS_EMBED_SWIFT_STANDARD_LIBRARIES = YES;
				CODE_SIGN_STYLE = Automatic;
				CURRENT_PROJECT_VERSION = 1;
				DEVELOPMENT_TEAM = H7R64PMS92;
				GENERATE_INFOPLIST_FILE = YES;
				LD_RUNPATH_SEARCH_PATHS = (
					"$(inherited)",
					"@executable_path/Frameworks",
					"@loader_path/Frameworks",
				);
				MARKETING_VERSION = 1.0;
				PRODUCT_BUNDLE_IDENTIFIER = "MohamedSaad.My-MarketUITests";
				PRODUCT_NAME = "$(TARGET_NAME)";
				SWIFT_EMIT_LOC_STRINGS = NO;
				SWIFT_VERSION = 5.0;
				TARGETED_DEVICE_FAMILY = "1,2";
				TEST_TARGET_NAME = "My Market";
			};
			name = Release;
		};
/* End XCBuildConfiguration section */

/* Begin XCConfigurationList section */
		04A2CF6E28B6724200A450B8 /* Build configuration list for PBXProject "My Market" */ = {
			isa = XCConfigurationList;
			buildConfigurations = (
				04A2CF9B28B6724400A450B8 /* Debug */,
				04A2CF9C28B6724400A450B8 /* Release */,
			);
			defaultConfigurationIsVisible = 0;
			defaultConfigurationName = Release;
		};
		04A2CF9D28B6724400A450B8 /* Build configuration list for PBXNativeTarget "My Market" */ = {
			isa = XCConfigurationList;
			buildConfigurations = (
				04A2CF9E28B6724400A450B8 /* Debug */,
				04A2CF9F28B6724400A450B8 /* Release */,
			);
			defaultConfigurationIsVisible = 0;
			defaultConfigurationName = Release;
		};
		04A2CFA028B6724400A450B8 /* Build configuration list for PBXNativeTarget "My MarketTests" */ = {
			isa = XCConfigurationList;
			buildConfigurations = (
				04A2CFA128B6724400A450B8 /* Debug */,
				04A2CFA228B6724400A450B8 /* Release */,
			);
			defaultConfigurationIsVisible = 0;
			defaultConfigurationName = Release;
		};
		04A2CFA328B6724400A450B8 /* Build configuration list for PBXNativeTarget "My MarketUITests" */ = {
			isa = XCConfigurationList;
			buildConfigurations = (
				04A2CFA428B6724400A450B8 /* Debug */,
				04A2CFA528B6724400A450B8 /* Release */,
			);
			defaultConfigurationIsVisible = 0;
			defaultConfigurationName = Release;
		};
/* End XCConfigurationList section */
	};
	rootObject = 04A2CF6B28B6724200A450B8 /* Project object */;
}
